
Microsoft Visual Studio Solution File, Format Version 12.00
# Visual Studio 2013
VisualStudioVersion = 12.0.30501.0
MinimumVisualStudioVersion = 10.0.40219.1
Project("{FAE04EC0-301F-11D3-BF4B-00C04F79EFBC}") = "SerialTest", "SerialTest\SerialTest.csproj", "{A8893EF6-9847-43CB-BB8F-C3BB164BD78A}"
EndProject
Project("{FAE04EC0-301F-11D3-BF4B-00C04F79EFBC}") = "MySerialPort", "MySerialPort\MySerialPort.csproj", "{1C68B756-8654-4437-B4A1-719015AF6605}"
EndProject
Project("{FAE04EC0-301F-11D3-BF4B-00C04F79EFBC}") = "SerialTestUI", "SerialTestUI\SerialTestUI.csproj", "{4345C3D5-E33E-40FF-B471-515AEDB6FFAF}"
EndProject
Global
	GlobalSection(SolutionConfigurationPlatforms) = preSolution
		Debug|Any CPU = Debug|Any CPU
		Release|Any CPU = Release|Any CPU
	EndGlobalSection
	GlobalSection(ProjectConfigurationPlatforms) = postSolution
		{A8893EF6-9847-43CB-BB8F-C3BB164BD78A}.Debug|Any CPU.ActiveCfg = Debug|Any CPU
		{A8893EF6-9847-43CB-BB8F-C3BB164BD78A}.Debug|Any CPU.Build.0 = Debug|Any CPU
		{A8893EF6-9847-43CB-BB8F-C3BB164BD78A}.Release|Any CPU.ActiveCfg = Release|Any CPU
		{A8893EF6-9847-43CB-BB8F-C3BB164BD78A}.Release|Any CPU.Build.0 = Release|Any CPU
		{1C68B756-8654-4437-B4A1-719015AF6605}.Debug|Any CPU.ActiveCfg = Debug|Any CPU
		{1C68B756-8654-4437-B4A1-719015AF6605}.Debug|Any CPU.Build.0 = Debug|Any CPU
		{1C68B756-8654-4437-B4A1-719015AF6605}.Release|Any CPU.ActiveCfg = Release|Any CPU
		{1C68B756-8654-4437-B4A1-719015AF6605}.Release|Any CPU.Build.0 = Release|Any CPU
		{4345C3D5-E33E-40FF-B471-515AEDB6FFAF}.Debug|Any CPU.ActiveCfg = Debug|Any CPU
		{4345C3D5-E33E-40FF-B471-515AEDB6FFAF}.Debug|Any CPU.Build.0 = Debug|Any CPU
		{4345C3D5-E33E-40FF-B471-515AEDB6FFAF}.Release|Any CPU.ActiveCfg = Release|Any CPU
		{4345C3D5-E33E-40FF-B471-515AEDB6FFAF}.Release|Any CPU.Build.0 = Release|Any CPU
	EndGlobalSection
	GlobalSection(SolutionProperties) = preSolution
		HideSolutionNode = FALSE
	EndGlobalSection
EndGlobal
